
Microsoft Visual Studio Solution File, Format Version 12.00
# Visual Studio Version 16
VisualStudioVersion = 16.0.31624.102
MinimumVisualStudioVersion = 10.0.40219.1
Project("{8BC9CEB8-8B4A-11D0-8D11-00A0C91BC942}") = "Practica1", "Practica1\Practica1.vcxproj", "{9AAF007D-26D7-4A81-B208-96147C93A9F0}"
EndProject
Global
	GlobalSection(SolutionConfigurationPlatforms) = preSolution
		Debug|x64 = Debug|x64
		Debug|x86 = Debug|x86
		Release|x64 = Release|x64
		Release|x86 = Release|x86
	EndGlobalSection
	GlobalSection(ProjectConfigurationPlatforms) = postSolution
		{9AAF007D-26D7-4A81-B208-96147C93A9F0}.Debug|x64.ActiveCfg = Debug|x64
		{9AAF007D-26D7-4A81-B208-96147C93A9F0}.Debug|x64.Build.0 = Debug|x64
		{9AAF007D-26D7-4A81-B208-96147C93A9F0}.Debug|x86.ActiveCfg = Debug|Win32
		{9AAF007D-26D7-4A81-B208-96147C93A9F0}.Debug|x86.Build.0 = Debug|Win32
		{9AAF007D-26D7-4A81-B208-96147C93A9F0}.Release|x64.ActiveCfg = Release|x64
		{9AAF007D-26D7-4A81-B208-96147C93A9F0}.Release|x64.Build.0 = Release|x64
		{9AAF007D-26D7-4A81-B208-96147C93A9F0}.Release|x86.ActiveCfg = Release|Win32
		{9AAF007D-26D7-4A81-B208-96147C93A9F0}.Release|x86.Build.0 = Release|Win32
	EndGlobalSection
	GlobalSection(SolutionProperties) = preSolution
		HideSolutionNode = FALSE
	EndGlobalSection
	GlobalSection(ExtensibilityGlobals) = postSolution
		SolutionGuid = {A956FBBC-6C4F-402C-8DAE-2B1BA9998DFC}
	EndGlobalSection
EndGlobal
